{
    "hash": "d91007ede8ab9ed1c9f31fc54b9aa1fb",
    "packages": [
        {
            "package": "doctrine/common",
            "version": "2.2.3"
        },
        {
            "package": "doctrine/data-fixtures",
            "version": "v1.0.0-ALPHA2"
        },
        {
            "package": "doctrine/dbal",
            "version": "2.2.2"
        },
        {
            "package": "doctrine/orm",
            "version": "2.2.0"
        },
        {
            "package": "itbz/fpdf",
            "version": "dev-master",
            "source-reference": "1.7.1",
            "commit-date": "1337299611"
        },
        {
            "package": "symfony/console",
            "version": "v2.0.14"
        },
        {
            "package": "symfony/yaml",
            "version": "v2.0.14"
        }
    ],
    "packages-dev": null,
    "aliases": [

    ],
    "minimum-stability": "stable",
    "stability-flags": {
        "doctrine/data-fixtures": 15,
        "itbz/fpdf": 20
    }
}
