{
    "hash": "4595d481c081ca1b4fc451586cc70582",
    "packages": [
        {
            "package": "doctrine/common",
            "version": "2.2.3"
        },
        {
            "package": "doctrine/data-fixtures",
            "version": "dev-master",
            "source-reference": "379a5f19e23849cf082613e2e91ed02bd2ee4fb1",
            "commit-date": "1347551292"
        },
        {
            "package": "doctrine/dbal",
            "version": "2.2.2"
        },
        {
            "package": "doctrine/orm",
            "version": "2.2.0"
        },
        {
            "package": "itbz/fpdf",
            "version": "dev-master",
            "source-reference": "1.7.1",
            "commit-date": "1337299611"
        },
        {
            "package": "symfony/console",
            "version": "v2.0.14"
        },
        {
            "package": "symfony/yaml",
            "version": "v2.0.14"
        },
        {
            "package": "zendframework/zendframework1",
            "version": "dev-trunk",
            "alias-pretty-version": "1.12.x-dev",
            "alias-version": "1.12.9999999.9999999-dev"
        },
        {
            "package": "zendframework/zendframework1",
            "version": "dev-trunk",
            "source-reference": "/trunk/@25043"
        }
    ],
    "packages-dev": null,
    "aliases": [

    ],
    "minimum-stability": "stable",
    "stability-flags": {
        "doctrine/data-fixtures": 20,
        "itbz/fpdf": 20,
        "zendframework/zendframework1": 20
    }
}
